Microsoft Visual Studio Solution File, Format Version 12.00
# Visual Studio Express 2012 for Windows Desktop
Project("{CFFD9643-0F2B-CBEB-DE0A-7F97F7A00C01}") = "OwlNest", "OwlNest.vcxproj", "{D6ECF24D-BD15-6456-2AC3-322A0542AFD9}"
EndProject
Project("{2150E333-8FDC-42A3-9474-1A3956D46DE8}") = "PatchRegistry", "PatchRegistry", "{3F0885BC-556D-42AC-8DF1-B8401FA80EA3}"
	ProjectSection(SolutionItems) = preProject
		..\..\Source\OwlPatches\CircularBuffer.hpp = ..\..\Source\OwlPatches\CircularBuffer.hpp
		..\..\Source\OwlPatches\DroneBoxPatch.hpp = ..\..\Source\OwlPatches\DroneBoxPatch.hpp
		..\..\Source\OwlPatches\EnvelopeFilterPatch.hpp = ..\..\Source\OwlPatches\EnvelopeFilterPatch.hpp
		..\..\Source\OwlPatches\FixedDelayPatch.hpp = ..\..\Source\OwlPatches\FixedDelayPatch.hpp
		..\..\Source\OwlPatches\FlangerPatch.hpp = ..\..\Source\OwlPatches\FlangerPatch.hpp
		..\..\Source\OwlPatches\FreeVerbPatch.hpp = ..\..\Source\OwlPatches\FreeVerbPatch.hpp
		..\..\Source\OwlPatches\GainPatch.hpp = ..\..\Source\OwlPatches\GainPatch.hpp
		..\..\Source\OwlPatches\includes.h = ..\..\Source\OwlPatches\includes.h
		..\..\Source\OwlPatches\LeakyIntegratorPatch.hpp = ..\..\Source\OwlPatches\LeakyIntegratorPatch.hpp
		..\..\Source\OwlPatches\LpfDelayPatch.hpp = ..\..\Source\OwlPatches\LpfDelayPatch.hpp
		..\..\Source\OwlPatches\LpfDelayPhaserPatch.hpp = ..\..\Source\OwlPatches\LpfDelayPhaserPatch.hpp
		..\..\Source\OwlPatches\OctaveDownPatch.hpp = ..\..\Source\OwlPatches\OctaveDownPatch.hpp
		..\..\Source\OwlPatches\OverdrivePatch.hpp = ..\..\Source\OwlPatches\OverdrivePatch.hpp
		..\..\Source\OwlPatches\ParametricEqPatch.hpp = ..\..\Source\OwlPatches\ParametricEqPatch.hpp
		..\..\Source\OwlPatches\patches.cpp = ..\..\Source\OwlPatches\patches.cpp
		..\..\Source\OwlPatches\PhaserPatch.hpp = ..\..\Source\OwlPatches\PhaserPatch.hpp
		..\..\Source\OwlPatches\ResonantFilterPatch.hpp = ..\..\Source\OwlPatches\ResonantFilterPatch.hpp
		..\..\Source\OwlPatches\SampleBasedPatch.hpp = ..\..\Source\OwlPatches\SampleBasedPatch.hpp
		..\..\Source\OwlPatches\SimpleDelayPatch.hpp = ..\..\Source\OwlPatches\SimpleDelayPatch.hpp
		..\..\Source\OwlPatches\StateVariableFilterPatch.hpp = ..\..\Source\OwlPatches\StateVariableFilterPatch.hpp
		..\..\Source\OwlPatches\StereoGainPatch.hpp = ..\..\Source\OwlPatches\StereoGainPatch.hpp
		..\..\Source\OwlPatches\StereoMixerPatch.hpp = ..\..\Source\OwlPatches\StereoMixerPatch.hpp
		..\..\Source\OwlPatches\TemplatePatch.hpp = ..\..\Source\OwlPatches\TemplatePatch.hpp
		..\..\Source\OwlPatches\TestTonePatch.hpp = ..\..\Source\OwlPatches\TestTonePatch.hpp
		..\..\Source\OwlPatches\WaveshaperPatch.hpp = ..\..\Source\OwlPatches\WaveshaperPatch.hpp
	EndProjectSection
EndProject
Project("{2150E333-8FDC-42A3-9474-1A3956D46DE8}") = "Contest", "Contest", "{D21F6E9E-B1EA-4848-987B-B44D9CA66A61}"
	ProjectSection(SolutionItems) = preProject
		..\..\Source\OwlPatches\Contest\BiasedDelayPatch.hpp = ..\..\Source\OwlPatches\Contest\BiasedDelayPatch.hpp
		..\..\Source\OwlPatches\Contest\BiasPatch.hpp = ..\..\Source\OwlPatches\Contest\BiasPatch.hpp
		..\..\Source\OwlPatches\Contest\BitH8rPatch.hpp = ..\..\Source\OwlPatches\Contest\BitH8rPatch.hpp
		..\..\Source\OwlPatches\Contest\blo_bleep.hpp = ..\..\Source\OwlPatches\Contest\blo_bleep.hpp
		..\..\Source\OwlPatches\Contest\ConnyPatch.hpp = ..\..\Source\OwlPatches\Contest\ConnyPatch.hpp
		..\..\Source\OwlPatches\Contest\DroneBox.hpp = ..\..\Source\OwlPatches\Contest\DroneBox.hpp
		..\..\Source\OwlPatches\Contest\DualTremoloPatch.hpp = ..\..\Source\OwlPatches\Contest\DualTremoloPatch.hpp
		..\..\Source\OwlPatches\Contest\JumpDelay.hpp = ..\..\Source\OwlPatches\Contest\JumpDelay.hpp
		..\..\Source\OwlPatches\Contest\SampleJitterPatch.hpp = ..\..\Source\OwlPatches\Contest\SampleJitterPatch.hpp
		..\..\Source\OwlPatches\Contest\SirenPatch.hpp = ..\..\Source\OwlPatches\Contest\SirenPatch.hpp
	EndProjectSection
EndProject
Project("{2150E333-8FDC-42A3-9474-1A3956D46DE8}") = "win-util", "win-util", "{1D5C4F3E-F31E-4BFC-9CDE-1FFDF5E6EB10}"
	ProjectSection(SolutionItems) = preProject
		..\..\Libraries\win-util\stdint.h = ..\..\Libraries\win-util\stdint.h
	EndProjectSection
EndProject
Project("{2150E333-8FDC-42A3-9474-1A3956D46DE8}") = "Libraries", "Libraries", "{8752F741-228D-4E68-A511-E30999588793}"
EndProject
Project("{2150E333-8FDC-42A3-9474-1A3956D46DE8}") = "dfu-util", "dfu-util", "{38D3D78E-9D6A-4F22-BB33-7576239365D7}"
	ProjectSection(SolutionItems) = preProject
		..\..\Libraries\dfu-util\dfu.c = ..\..\Libraries\dfu-util\dfu.c
		..\..\Libraries\dfu-util\dfu.h = ..\..\Libraries\dfu-util\dfu.h
		..\..\Libraries\dfu-util\dfu_file.c = ..\..\Libraries\dfu-util\dfu_file.c
		..\..\Libraries\dfu-util\dfu_file.h = ..\..\Libraries\dfu-util\dfu_file.h
		..\..\Libraries\dfu-util\dfu_load.c = ..\..\Libraries\dfu-util\dfu_load.c
		..\..\Libraries\dfu-util\dfu_load.h = ..\..\Libraries\dfu-util\dfu_load.h
		..\..\Libraries\dfu-util\dfu_util.c = ..\..\Libraries\dfu-util\dfu_util.c
		..\..\Libraries\dfu-util\dfu_util.h = ..\..\Libraries\dfu-util\dfu_util.h
		..\..\Libraries\dfu-util\dfuse.c = ..\..\Libraries\dfu-util\dfuse.c
		..\..\Libraries\dfu-util\dfuse.h = ..\..\Libraries\dfu-util\dfuse.h
		..\..\Libraries\dfu-util\dfuse_mem.c = ..\..\Libraries\dfu-util\dfuse_mem.c
		..\..\Libraries\dfu-util\dfuse_mem.h = ..\..\Libraries\dfu-util\dfuse_mem.h
		..\..\Libraries\dfu-util\main.c = ..\..\Libraries\dfu-util\main.c
		..\..\Libraries\dfu-util\portable.h = ..\..\Libraries\dfu-util\portable.h
		..\..\Libraries\dfu-util\quirks.c = ..\..\Libraries\dfu-util\quirks.c
		..\..\Libraries\dfu-util\quirks.h = ..\..\Libraries\dfu-util\quirks.h
		..\..\Libraries\dfu-util\suffix.c = ..\..\Libraries\dfu-util\suffix.c
		..\..\Libraries\dfu-util\usb_dfu.h = ..\..\Libraries\dfu-util\usb_dfu.h
	EndProjectSection
EndProject
Global
	GlobalSection(SolutionConfigurationPlatforms) = preSolution
		Debug|Win32 = Debug|Win32
		Release|Win32 = Release|Win32
	EndGlobalSection
	GlobalSection(ProjectConfigurationPlatforms) = postSolution
		{D6ECF24D-BD15-6456-2AC3-322A0542AFD9}.Debug|Win32.ActiveCfg = Debug|Win32
		{D6ECF24D-BD15-6456-2AC3-322A0542AFD9}.Debug|Win32.Build.0 = Debug|Win32
		{D6ECF24D-BD15-6456-2AC3-322A0542AFD9}.Release|Win32.ActiveCfg = Release|Win32
		{D6ECF24D-BD15-6456-2AC3-322A0542AFD9}.Release|Win32.Build.0 = Release|Win32
	EndGlobalSection
	GlobalSection(SolutionProperties) = preSolution
		HideSolutionNode = FALSE
	EndGlobalSection
	GlobalSection(NestedProjects) = preSolution
		{D21F6E9E-B1EA-4848-987B-B44D9CA66A61} = {3F0885BC-556D-42AC-8DF1-B8401FA80EA3}
		{1D5C4F3E-F31E-4BFC-9CDE-1FFDF5E6EB10} = {8752F741-228D-4E68-A511-E30999588793}
		{38D3D78E-9D6A-4F22-BB33-7576239365D7} = {8752F741-228D-4E68-A511-E30999588793}
	EndGlobalSection
EndGlobal
